
Microsoft Visual Studio Solution File, Format Version 12.00
# Visual Studio Version 17
VisualStudioVersion = 17.9.34518.117
MinimumVisualStudioVersion = 10.0.40219.1
Project("{FAE04EC0-301F-11D3-BF4B-00C04F79EFBC}") = "ParcialP", "ParcialP\ParcialP.csproj", "{364A0883-891D-4316-8569-8EEA4D30A7C5}"
EndProject
Global
	GlobalSection(SolutionConfigurationPlatforms) = preSolution
		Debug|Any CPU = Debug|Any CPU
		Release|Any CPU = Release|Any CPU
	EndGlobalSection
	GlobalSection(ProjectConfigurationPlatforms) = postSolution
		{364A0883-891D-4316-8569-8EEA4D30A7C5}.Debug|Any CPU.ActiveCfg = Debug|Any CPU
		{364A0883-891D-4316-8569-8EEA4D30A7C5}.Debug|Any CPU.Build.0 = Debug|Any CPU
		{364A0883-891D-4316-8569-8EEA4D30A7C5}.Release|Any CPU.ActiveCfg = Release|Any CPU
		{364A0883-891D-4316-8569-8EEA4D30A7C5}.Release|Any CPU.Build.0 = Release|Any CPU
	EndGlobalSection
	GlobalSection(SolutionProperties) = preSolution
		HideSolutionNode = FALSE
	EndGlobalSection
	GlobalSection(ExtensibilityGlobals) = postSolution
		SolutionGuid = {5A18A6BF-53CB-44CE-87D0-00ED6BD65EEE}
	EndGlobalSection
EndGlobal
